
Microsoft Visual Studio Solution File, Format Version 12.00
# Visual Studio Version 16
VisualStudioVersion = 16.0.31911.196
MinimumVisualStudioVersion = 10.0.40219.1
Project("{FAE04EC0-301F-11D3-BF4B-00C04F79EFBC}") = "RegexProject", "RegexProject\RegexProject.csproj", "{9CFB3E9D-A26E-44E3-93DC-DD240FC33264}"
EndProject
Global
	GlobalSection(SolutionConfigurationPlatforms) = preSolution
		Debug|Any CPU = Debug|Any CPU
		Release|Any CPU = Release|Any CPU
	EndGlobalSection
	GlobalSection(ProjectConfigurationPlatforms) = postSolution
		{9CFB3E9D-A26E-44E3-93DC-DD240FC33264}.Debug|Any CPU.ActiveCfg = Debug|Any CPU
		{9CFB3E9D-A26E-44E3-93DC-DD240FC33264}.Debug|Any CPU.Build.0 = Debug|Any CPU
		{9CFB3E9D-A26E-44E3-93DC-DD240FC33264}.Release|Any CPU.ActiveCfg = Release|Any CPU
		{9CFB3E9D-A26E-44E3-93DC-DD240FC33264}.Release|Any CPU.Build.0 = Release|Any CPU
	EndGlobalSection
	GlobalSection(SolutionProperties) = preSolution
		HideSolutionNode = FALSE
	EndGlobalSection
	GlobalSection(ExtensibilityGlobals) = postSolution
		SolutionGuid = {11362309-4B95-45EF-92AC-79F783D9E43F}
	EndGlobalSection
EndGlobal
